
Microsoft Visual Studio Solution File, Format Version 12.00
# Visual Studio 14
VisualStudioVersion = 14.0.24720.0
MinimumVisualStudioVersion = 10.0.40219.1
Project("{FAE04EC0-301F-11D3-BF4B-00C04F79EFBC}") = "DataModel", "DataModel\DataModel.csproj", "{09065ED9-0E52-4C02-B080-1AE4743D9AAD}"
EndProject
Project("{FAE04EC0-301F-11D3-BF4B-00C04F79EFBC}") = "Services", "Services\Services.csproj", "{E51E9722-98F2-48BC-B700-8FD2E4065A8C}"
EndProject
Project("{FAE04EC0-301F-11D3-BF4B-00C04F79EFBC}") = "Entities", "Entities\Entities.csproj", "{05C0A9B8-C659-4498-AA40-A1142CA3C7F1}"
EndProject
Project("{FAE04EC0-301F-11D3-BF4B-00C04F79EFBC}") = "Api", "Api\Api.csproj", "{31F48A92-52C0-4C1A-98C6-F048BA3C37E5}"
EndProject
Global
	GlobalSection(SolutionConfigurationPlatforms) = preSolution
		Debug|Any CPU = Debug|Any CPU
		Release|Any CPU = Release|Any CPU
	EndGlobalSection
	GlobalSection(ProjectConfigurationPlatforms) = postSolution
		{09065ED9-0E52-4C02-B080-1AE4743D9AAD}.Debug|Any CPU.ActiveCfg = Debug|Any CPU
		{09065ED9-0E52-4C02-B080-1AE4743D9AAD}.Debug|Any CPU.Build.0 = Debug|Any CPU
		{09065ED9-0E52-4C02-B080-1AE4743D9AAD}.Release|Any CPU.ActiveCfg = Release|Any CPU
		{09065ED9-0E52-4C02-B080-1AE4743D9AAD}.Release|Any CPU.Build.0 = Release|Any CPU
		{E51E9722-98F2-48BC-B700-8FD2E4065A8C}.Debug|Any CPU.ActiveCfg = Debug|Any CPU
		{E51E9722-98F2-48BC-B700-8FD2E4065A8C}.Debug|Any CPU.Build.0 = Debug|Any CPU
		{E51E9722-98F2-48BC-B700-8FD2E4065A8C}.Release|Any CPU.ActiveCfg = Release|Any CPU
		{E51E9722-98F2-48BC-B700-8FD2E4065A8C}.Release|Any CPU.Build.0 = Release|Any CPU
		{05C0A9B8-C659-4498-AA40-A1142CA3C7F1}.Debug|Any CPU.ActiveCfg = Debug|Any CPU
		{05C0A9B8-C659-4498-AA40-A1142CA3C7F1}.Debug|Any CPU.Build.0 = Debug|Any CPU
		{05C0A9B8-C659-4498-AA40-A1142CA3C7F1}.Release|Any CPU.ActiveCfg = Release|Any CPU
		{05C0A9B8-C659-4498-AA40-A1142CA3C7F1}.Release|Any CPU.Build.0 = Release|Any CPU
		{31F48A92-52C0-4C1A-98C6-F048BA3C37E5}.Debug|Any CPU.ActiveCfg = Debug|Any CPU
		{31F48A92-52C0-4C1A-98C6-F048BA3C37E5}.Debug|Any CPU.Build.0 = Debug|Any CPU
		{31F48A92-52C0-4C1A-98C6-F048BA3C37E5}.Release|Any CPU.ActiveCfg = Release|Any CPU
		{31F48A92-52C0-4C1A-98C6-F048BA3C37E5}.Release|Any CPU.Build.0 = Release|Any CPU
	EndGlobalSection
	GlobalSection(SolutionProperties) = preSolution
		HideSolutionNode = FALSE
	EndGlobalSection
EndGlobal
